{
  "version": 4,
  "terraform_version": "1.3.7",
  "serial": 6,
  "lineage": "e1c2bb4e-38be-e288-7d64-fb59914aac7f",
  "outputs": {},
  "resources": [
    {
      "mode": "data",
      "type": "newrelic_account",
      "name": "acc",
      "provider": "provider[\"registry.terraform.io/newrelic/newrelic\"]",
      "instances": [
        {
          "schema_version": 0,
          "attributes": {
            "account_id": 3933528,
            "id": "3933528",
            "name": "Account 3933528",
            "scope": "IN_REGION"
          },
          "sensitive_attributes": []
        }
      ]
    },
    {
      "mode": "managed",
      "type": "newrelic_alert_policy",
      "name": "my-slack-policy",
      "provider": "provider[\"registry.terraform.io/newrelic/newrelic\"]",
      "instances": [
        {
          "schema_version": 0,
          "attributes": {
            "account_id": 3933528,
            "channel_ids": null,
            "id": "4577055",
            "incident_preference": "PER_POLICY",
            "name": "my_slack_policy"
          },
          "sensitive_attributes": [],
          "private": "bnVsbA=="
        }
      ]
    },
    {
      "mode": "managed",
      "type": "newrelic_notification_destination",
      "name": "destination",
      "provider": "provider[\"registry.terraform.io/newrelic/newrelic\"]",
      "instances": [
        {
          "schema_version": 1,
          "attributes": {
            "account_id": 3933528,
            "active": true,
            "auth_basic": [],
            "auth_token": [
              {
                "prefix": "Bearer",
                "token": ""
              }
            ],
            "id": "f61b78cb-2ee5-4bfb-a770-95e24e37cc43",
            "last_sent": "",
            "name": "Aman_workspace",
            "property": [
              {
                "display_value": "",
                "key": "url",
                "label": "",
                "value": ""
              }
            ],
            "status": "DEFAULT",
            "type": "SLACK"
          },
          "sensitive_attributes": [],
          "private": "eyJzY2hlbWFfdmVyc2lvbiI6IjEifQ=="
        }
      ]
    },
    {
      "mode": "managed",
      "type": "newrelic_nrql_alert_condition",
      "name": "nrql_condition",
      "provider": "provider[\"registry.terraform.io/newrelic/newrelic\"]",
      "instances": [
        {
          "schema_version": 0,
          "attributes": {
            "account_id": 3933528,
            "aggregation_delay": "120",
            "aggregation_method": "event_flow",
            "aggregation_timer": null,
            "aggregation_window": 60,
            "baseline_direction": null,
            "close_violations_on_expiration": true,
            "critical": [
              {
                "duration": 0,
                "operator": "above",
                "threshold": 0,
                "threshold_duration": 300,
                "threshold_occurrences": "all",
                "time_function": ""
              }
            ],
            "description": "Alert when transactions are taking too long",
            "enabled": true,
            "entity_guid": "MzkzMzUyOHxBSU9QU3xDT05ESVRJT058MzU1NzgyMDI",
            "evaluation_delay": null,
            "expiration_duration": 120,
            "fill_option": "static",
            "fill_value": 1,
            "id": "4577055:35578202",
            "name": "foo",
            "nrql": [
              {
                "evaluation_offset": 0,
                "query": "SELECT average(cpuPercent ) FROM ProcessSample",
                "since_value": ""
              }
            ],
            "open_violation_on_expiration": true,
            "policy_id": 4577055,
            "runbook_url": "https://www.example.com",
            "slide_by": 30,
            "term": [],
            "timeouts": null,
            "type": "static",
            "violation_time_limit": "ONE_HOUR",
            "violation_time_limit_seconds": 3600,
            "warning": []
          },
          "sensitive_attributes": [],
          "private": "eyJlMmJmYjczMC1lY2FhLTExZTYtOGY4OC0zNDM2M2JjN2M0YzAiOnsiY3JlYXRlIjozMDAwMDAwMDAwMH19",
          "dependencies": [
            "newrelic_alert_policy.my-slack-policy"
          ]
        }
      ]
    }
  ],
  "check_results": null
}
